// !$*UTF8*$!
{
	archiveVersion = 1;
	classes = {
	};
	objectVersion = 56;
	objects = {

/* Begin PBXBuildFile section */
		2CF74F4D29ED7F9500E96F8D /* swiftUiStarterListApp.swift in Sources */ = {isa = PBXBuildFile; fileRef = 2CF74F4C29ED7F9500E96F8D /* swiftUiStarterListApp.swift */; };
		2CF74F4F29ED7F9500E96F8D /* VideoListView.swift in Sources */ = {isa = PBXBuildFile; fileRef = 2CF74F4E29ED7F9500E96F8D /* VideoListView.swift */; };
		2CF74F5129ED7F9900E96F8D /* Assets.xcassets in Resources */ = {isa = PBXBuildFile; fileRef = 2CF74F5029ED7F9900E96F8D /* Assets.xcassets */; };
		2CF74F5429ED7F9900E96F8D /* Preview Assets.xcassets in Resources */ = {isa = PBXBuildFile; fileRef = 2CF74F5329ED7F9900E96F8D /* Preview Assets.xcassets */; };
		2CF74F5E29ED7F9900E96F8D /* swiftUiStarterListTests.swift in Sources */ = {isa = PBXBuildFile; fileRef = 2CF74F5D29ED7F9900E96F8D /* swiftUiStarterListTests.swift */; };
		2CF74F6829ED7F9900E96F8D /* swiftUiStarterListUITests.swift in Sources */ = {isa = PBXBuildFile; fileRef = 2CF74F6729ED7F9900E96F8D /* swiftUiStarterListUITests.swift */; };
		2CF74F6A29ED7F9900E96F8D /* swiftUiStarterListUITestsLaunchTests.swift in Sources */ = {isa = PBXBuildFile; fileRef = 2CF74F6929ED7F9900E96F8D /* swiftUiStarterListUITestsLaunchTests.swift */; };
		2CF74F7729ED7FBC00E96F8D /* Video.swift in Sources */ = {isa = PBXBuildFile; fileRef = 2CF74F7629ED7FBC00E96F8D /* Video.swift */; };
		2CF74F7929EDBB1D00E96F8D /* VideoDetailView.swift in Sources */ = {isa = PBXBuildFile; fileRef = 2CF74F7829EDBB1D00E96F8D /* VideoDetailView.swift */; };
		2CF74F7B29EDC11300E96F8D /* VideoCell.swift in Sources */ = {isa = PBXBuildFile; fileRef = 2CF74F7A29EDC11300E96F8D /* VideoCell.swift */; };
/* End PBXBuildFile section */

/* Begin PBXContainerItemProxy section */
		2CF74F5A29ED7F9900E96F8D /* PBXContainerItemProxy */ = {
			isa = PBXContainerItemProxy;
			containerPortal = 2CF74F4129ED7F9400E96F8D /* Project object */;
			proxyType = 1;
			remoteGlobalIDString = 2CF74F4829ED7F9400E96F8D;
			remoteInfo = swiftUiStarterList;
		};
		2CF74F6429ED7F9900E96F8D /* PBXContainerItemProxy */ = {
			isa = PBXContainerItemProxy;
			containerPortal = 2CF74F4129ED7F9400E96F8D /* Project object */;
			proxyType = 1;
			remoteGlobalIDString = 2CF74F4829ED7F9400E96F8D;
			remoteInfo = swiftUiStarterList;
		};
/* End PBXContainerItemProxy section */

/* Begin PBXFileReference section */
		2CF74F4929ED7F9500E96F8D /* swiftUiStarterList.app */ = {isa = PBXFileReference; explicitFileType = wrapper.application; includeInIndex = 0; path = swiftUiStarterList.app; sourceTree = BUILT_PRODUCTS_DIR; };
		2CF74F4C29ED7F9500E96F8D /* swiftUiStarterListApp.swift */ = {isa = PBXFileReference; lastKnownFileType = sourcecode.swift; path = swiftUiStarterListApp.swift; sourceTree = "<group>"; };
		2CF74F4E29ED7F9500E96F8D /* VideoListView.swift */ = {isa = PBXFileReference; lastKnownFileType = sourcecode.swift; path = VideoListView.swift; sourceTree = "<group>"; };
		2CF74F5029ED7F9900E96F8D /* Assets.xcassets */ = {isa = PBXFileReference; lastKnownFileType = folder.assetcatalog; path = Assets.xcassets; sourceTree = "<group>"; };
		2CF74F5329ED7F9900E96F8D /* Preview Assets.xcassets */ = {isa = PBXFileReference; lastKnownFileType = folder.assetcatalog; path = "Preview Assets.xcassets"; sourceTree = "<group>"; };
		2CF74F5929ED7F9900E96F8D /* swiftUiStarterListTests.xctest */ = {isa = PBXFileReference; explicitFileType = wrapper.cfbundle; includeInIndex = 0; path = swiftUiStarterListTests.xctest; sourceTree = BUILT_PRODUCTS_DIR; };
		2CF74F5D29ED7F9900E96F8D /* swiftUiStarterListTests.swift */ = {isa = PBXFileReference; lastKnownFileType = sourcecode.swift; path = swiftUiStarterListTests.swift; sourceTree = "<group>"; };
		2CF74F6329ED7F9900E96F8D /* swiftUiStarterListUITests.xctest */ = {isa = PBXFileReference; explicitFileType = wrapper.cfbundle; includeInIndex = 0; path = swiftUiStarterListUITests.xctest; sourceTree = BUILT_PRODUCTS_DIR; };
		2CF74F6729ED7F9900E96F8D /* swiftUiStarterListUITests.swift */ = {isa = PBXFileReference; lastKnownFileType = sourcecode.swift; path = swiftUiStarterListUITests.swift; sourceTree = "<group>"; };
		2CF74F6929ED7F9900E96F8D /* swiftUiStarterListUITestsLaunchTests.swift */ = {isa = PBXFileReference; lastKnownFileType = sourcecode.swift; path = swiftUiStarterListUITestsLaunchTests.swift; sourceTree = "<group>"; };
		2CF74F7629ED7FBC00E96F8D /* Video.swift */ = {isa = PBXFileReference; lastKnownFileType = sourcecode.swift; path = Video.swift; sourceTree = "<group>"; };
		2CF74F7829EDBB1D00E96F8D /* VideoDetailView.swift */ = {isa = PBXFileReference; lastKnownFileType = sourcecode.swift; path = VideoDetailView.swift; sourceTree = "<group>"; };
		2CF74F7A29EDC11300E96F8D /* VideoCell.swift */ = {isa = PBXFileReference; lastKnownFileType = sourcecode.swift; path = VideoCell.swift; sourceTree = "<group>"; };
/* End PBXFileReference section */

/* Begin PBXFrameworksBuildPhase section */
		2CF74F4629ED7F9400E96F8D /* Frameworks */ = {
			isa = PBXFrameworksBuildPhase;
			buildActionMask = 2147483647;
			files = (
			);
			runOnlyForDeploymentPostprocessing = 0;
		};
		2CF74F5629ED7F9900E96F8D /* Frameworks */ = {
			isa = PBXFrameworksBuildPhase;
			buildActionMask = 2147483647;
			files = (
			);
			runOnlyForDeploymentPostprocessing = 0;
		};
		2CF74F6029ED7F9900E96F8D /* Frameworks */ = {
			isa = PBXFrameworksBuildPhase;
			buildActionMask = 2147483647;
			files = (
			);
			runOnlyForDeploymentPostprocessing = 0;
		};
/* End PBXFrameworksBuildPhase section */

/* Begin PBXGroup section */
		2CF74F4029ED7F9400E96F8D = {
			isa = PBXGroup;
			children = (
				2CF74F4B29ED7F9500E96F8D /* swiftUiStarterList */,
				2CF74F5C29ED7F9900E96F8D /* swiftUiStarterListTests */,
				2CF74F6629ED7F9900E96F8D /* swiftUiStarterListUITests */,
				2CF74F4A29ED7F9500E96F8D /* Products */,
			);
			sourceTree = "<group>";
		};
		2CF74F4A29ED7F9500E96F8D /* Products */ = {
			isa = PBXGroup;
			children = (
				2CF74F4929ED7F9500E96F8D /* swiftUiStarterList.app */,
				2CF74F5929ED7F9900E96F8D /* swiftUiStarterListTests.xctest */,
				2CF74F6329ED7F9900E96F8D /* swiftUiStarterListUITests.xctest */,
			);
			name = Products;
			sourceTree = "<group>";
		};
		2CF74F4B29ED7F9500E96F8D /* swiftUiStarterList */ = {
			isa = PBXGroup;
			children = (
				2CF74F4C29ED7F9500E96F8D /* swiftUiStarterListApp.swift */,
				2CF74F4E29ED7F9500E96F8D /* VideoListView.swift */,
				2CF74F7829EDBB1D00E96F8D /* VideoDetailView.swift */,
				2CF74F5029ED7F9900E96F8D /* Assets.xcassets */,
				2CF74F5229ED7F9900E96F8D /* Preview Content */,
				2CF74F7629ED7FBC00E96F8D /* Video.swift */,
				2CF74F7A29EDC11300E96F8D /* VideoCell.swift */,
			);
			path = swiftUiStarterList;
			sourceTree = "<group>";
		};
		2CF74F5229ED7F9900E96F8D /* Preview Content */ = {
			isa = PBXGroup;
			children = (
				2CF74F5329ED7F9900E96F8D /* Preview Assets.xcassets */,
			);
			path = "Preview Content";
			sourceTree = "<group>";
		};
		2CF74F5C29ED7F9900E96F8D /* swiftUiStarterListTests */ = {
			isa = PBXGroup;
			children = (
				2CF74F5D29ED7F9900E96F8D /* swiftUiStarterListTests.swift */,
			);
			path = swiftUiStarterListTests;
			sourceTree = "<group>";
		};
		2CF74F6629ED7F9900E96F8D /* swiftUiStarterListUITests */ = {
			isa = PBXGroup;
			children = (
				2CF74F6729ED7F9900E96F8D /* swiftUiStarterListUITests.swift */,
				2CF74F6929ED7F9900E96F8D /* swiftUiStarterListUITestsLaunchTests.swift */,
			);
			path = swiftUiStarterListUITests;
			sourceTree = "<group>";
		};
/* End PBXGroup section */

/* Begin PBXNativeTarget section */
		2CF74F4829ED7F9400E96F8D /* swiftUiStarterList */ = {
			isa = PBXNativeTarget;
			buildConfigurationList = 2CF74F6D29ED7F9900E96F8D /* Build configuration list for PBXNativeTarget "swiftUiStarterList" */;
			buildPhases = (
				2CF74F4529ED7F9400E96F8D /* Sources */,
				2CF74F4629ED7F9400E96F8D /* Frameworks */,
				2CF74F4729ED7F9400E96F8D /* Resources */,
			);
			buildRules = (
			);
			dependencies = (
			);
			name = swiftUiStarterList;
			productName = swiftUiStarterList;
			productReference = 2CF74F4929ED7F9500E96F8D /* swiftUiStarterList.app */;
			productType = "com.apple.product-type.application";
		};
		2CF74F5829ED7F9900E96F8D /* swiftUiStarterListTests */ = {
			isa = PBXNativeTarget;
			buildConfigurationList = 2CF74F7029ED7F9900E96F8D /* Build configuration list for PBXNativeTarget "swiftUiStarterListTests" */;
			buildPhases = (
				2CF74F5529ED7F9900E96F8D /* Sources */,
				2CF74F5629ED7F9900E96F8D /* Frameworks */,
				2CF74F5729ED7F9900E96F8D /* Resources */,
			);
			buildRules = (
			);
			dependencies = (
				2CF74F5B29ED7F9900E96F8D /* PBXTargetDependency */,
			);
			name = swiftUiStarterListTests;
			productName = swiftUiStarterListTests;
			productReference = 2CF74F5929ED7F9900E96F8D /* swiftUiStarterListTests.xctest */;
			productType = "com.apple.product-type.bundle.unit-test";
		};
		2CF74F6229ED7F9900E96F8D /* swiftUiStarterListUITests */ = {
			isa = PBXNativeTarget;
			buildConfigurationList = 2CF74F7329ED7F9900E96F8D /* Build configuration list for PBXNativeTarget "swiftUiStarterListUITests" */;
			buildPhases = (
				2CF74F5F29ED7F9900E96F8D /* Sources */,
				2CF74F6029ED7F9900E96F8D /* Frameworks */,
				2CF74F6129ED7F9900E96F8D /* Resources */,
			);
			buildRules = (
			);
			dependencies = (
				2CF74F6529ED7F9900E96F8D /* PBXTargetDependency */,
			);
			name = swiftUiStarterListUITests;
			productName = swiftUiStarterListUITests;
			productReference = 2CF74F6329ED7F9900E96F8D /* swiftUiStarterListUITests.xctest */;
			productType = "com.apple.product-type.bundle.ui-testing";
		};
/* End PBXNativeTarget section */

/* Begin PBXProject section */
		2CF74F4129ED7F9400E96F8D /* Project object */ = {
			isa = PBXProject;
			attributes = {
				BuildIndependentTargetsInParallel = 1;
				LastSwiftUpdateCheck = 1430;
				LastUpgradeCheck = 1430;
				TargetAttributes = {
					2CF74F4829ED7F9400E96F8D = {
						CreatedOnToolsVersion = 14.3;
					};
					2CF74F5829ED7F9900E96F8D = {
						CreatedOnToolsVersion = 14.3;
						TestTargetID = 2CF74F4829ED7F9400E96F8D;
					};
					2CF74F6229ED7F9900E96F8D = {
						CreatedOnToolsVersion = 14.3;
						TestTargetID = 2CF74F4829ED7F9400E96F8D;
					};
				};
			};
			buildConfigurationList = 2CF74F4429ED7F9400E96F8D /* Build configuration list for PBXProject "swiftUiStarterList" */;
			compatibilityVersion = "Xcode 14.0";
			developmentRegion = en;
			hasScannedForEncodings = 0;
			knownRegions = (
				en,
				Base,
			);
			mainGroup = 2CF74F4029ED7F9400E96F8D;
			productRefGroup = 2CF74F4A29ED7F9500E96F8D /* Products */;
			projectDirPath = "";
			projectRoot = "";
			targets = (
				2CF74F4829ED7F9400E96F8D /* swiftUiStarterList */,
				2CF74F5829ED7F9900E96F8D /* swiftUiStarterListTests */,
				2CF74F6229ED7F9900E96F8D /* swiftUiStarterListUITests */,
			);
		};
/* End PBXProject section */

/* Begin PBXResourcesBuildPhase section */
		2CF74F4729ED7F9400E96F8D /* Resources */ = {
			isa = PBXResourcesBuildPhase;
			buildActionMask = 2147483647;
			files = (
				2CF74F5429ED7F9900E96F8D /* Preview Assets.xcassets in Resources */,
				2CF74F5129ED7F9900E96F8D /* Assets.xcassets in Resources */,
			);
			runOnlyForDeploymentPostprocessing = 0;
		};
		2CF74F5729ED7F9900E96F8D /* Resources */ = {
			isa = PBXResourcesBuildPhase;
			buildActionMask = 2147483647;
			files = (
			);
			runOnlyForDeploymentPostprocessing = 0;
		};
		2CF74F6129ED7F9900E96F8D /* Resources */ = {
			isa = PBXResourcesBuildPhase;
			buildActionMask = 2147483647;
			files = (
			);
			runOnlyForDeploymentPostprocessing = 0;
		};
/* End PBXResourcesBuildPhase section */

/* Begin PBXSourcesBuildPhase section */
		2CF74F4529ED7F9400E96F8D /* Sources */ = {
			isa = PBXSourcesBuildPhase;
			buildActionMask = 2147483647;
			files = (
				2CF74F7B29EDC11300E96F8D /* VideoCell.swift in Sources */,
				2CF74F4F29ED7F9500E96F8D /* VideoListView.swift in Sources */,
				2CF74F7929EDBB1D00E96F8D /* VideoDetailView.swift in Sources */,
				2CF74F7729ED7FBC00E96F8D /* Video.swift in Sources */,
				2CF74F4D29ED7F9500E96F8D /* swiftUiStarterListApp.swift in Sources */,
			);
			runOnlyForDeploymentPostprocessing = 0;
		};
		2CF74F5529ED7F9900E96F8D /* Sources */ = {
			isa = PBXSourcesBuildPhase;
			buildActionMask = 2147483647;
			files = (
				2CF74F5E29ED7F9900E96F8D /* swiftUiStarterListTests.swift in Sources */,
			);
			runOnlyForDeploymentPostprocessing = 0;
		};
		2CF74F5F29ED7F9900E96F8D /* Sources */ = {
			isa = PBXSourcesBuildPhase;
			buildActionMask = 2147483647;
			files = (
				2CF74F6A29ED7F9900E96F8D /* swiftUiStarterListUITestsLaunchTests.swift in Sources */,
				2CF74F6829ED7F9900E96F8D /* swiftUiStarterListUITests.swift in Sources */,
			);
			runOnlyForDeploymentPostprocessing = 0;
		};
/* End PBXSourcesBuildPhase section */

/* Begin PBXTargetDependency section */
		2CF74F5B29ED7F9900E96F8D /* PBXTargetDependency */ = {
			isa = PBXTargetDependency;
			target = 2CF74F4829ED7F9400E96F8D /* swiftUiStarterList */;
			targetProxy = 2CF74F5A29ED7F9900E96F8D /* PBXContainerItemProxy */;
		};
		2CF74F6529ED7F9900E96F8D /* PBXTargetDependency */ = {
			isa = PBXTargetDependency;
			target = 2CF74F4829ED7F9400E96F8D /* swiftUiStarterList */;
			targetProxy = 2CF74F6429ED7F9900E96F8D /* PBXContainerItemProxy */;
		};
/* End PBXTargetDependency section */

/* Begin XCBuildConfiguration section */
		2CF74F6B29ED7F9900E96F8D /* Debug */ = {
			isa = XCBuildConfiguration;
			buildSettings = {
				ALWAYS_SEARCH_USER_PATHS = NO;
				CLANG_ANALYZER_NONNULL = YES;
				CLANG_ANALYZER_NUMBER_OBJECT_CONVERSION = YES_AGGRESSIVE;
				CLANG_CXX_LANGUAGE_STANDARD = "gnu++20";
				CLANG_ENABLE_MODULES = YES;
				CLANG_ENABLE_OBJC_ARC = YES;
				CLANG_ENABLE_OBJC_WEAK = YES;
				CLANG_WARN_BLOCK_CAPTURE_AUTORELEASING = YES;
				CLANG_WARN_BOOL_CONVERSION = YES;
				CLANG_WARN_COMMA = YES;
				CLANG_WARN_CONSTANT_CONVERSION = YES;
				CLANG_WARN_DEPRECATED_OBJC_IMPLEMENTATIONS = YES;
				CLANG_WARN_DIRECT_OBJC_ISA_USAGE = YES_ERROR;
				CLANG_WARN_DOCUMENTATION_COMMENTS = YES;
				CLANG_WARN_EMPTY_BODY = YES;
				CLANG_WARN_ENUM_CONVERSION = YES;
				CLANG_WARN_INFINITE_RECURSION = YES;
				CLANG_WARN_INT_CONVERSION = YES;
				CLANG_WARN_NON_LITERAL_NULL_CONVERSION = YES;
				CLANG_WARN_OBJC_IMPLICIT_RETAIN_SELF = YES;
				CLANG_WARN_OBJC_LITERAL_CONVERSION = YES;
				CLANG_WARN_OBJC_ROOT_CLASS = YES_ERROR;
				CLANG_WARN_QUOTED_INCLUDE_IN_FRAMEWORK_HEADER = YES;
				CLANG_WARN_RANGE_LOOP_ANALYSIS = YES;
				CLANG_WARN_STRICT_PROTOTYPES = YES;
				CLANG_WARN_SUSPICIOUS_MOVE = YES;
				CLANG_WARN_UNGUARDED_AVAILABILITY = YES_AGGRESSIVE;
				CLANG_WARN_UNREACHABLE_CODE = YES;
				CLANG_WARN__DUPLICATE_METHOD_MATCH = YES;
				COPY_PHASE_STRIP = NO;
				DEBUG_INFORMATION_FORMAT = dwarf;
				ENABLE_STRICT_OBJC_MSGSEND = YES;
				ENABLE_TESTABILITY = YES;
				GCC_C_LANGUAGE_STANDARD = gnu11;
				GCC_DYNAMIC_NO_PIC = NO;
				GCC_NO_COMMON_BLOCKS = YES;
				GCC_OPTIMIZATION_LEVEL = 0;
				GCC_PREPROCESSOR_DEFINITIONS = (
					"DEBUG=1",
					"$(inherited)",
				);
				GCC_WARN_64_TO_32_BIT_CONVERSION = YES;
				GCC_WARN_ABOUT_RETURN_TYPE = YES_ERROR;
				GCC_WARN_UNDECLARED_SELECTOR = YES;
				GCC_WARN_UNINITIALIZED_AUTOS = YES_AGGRESSIVE;
				GCC_WARN_UNUSED_FUNCTION = YES;
				GCC_WARN_UNUSED_VARIABLE = YES;
				IPHONEOS_DEPLOYMENT_TARGET = 16.4;
				MTL_ENABLE_DEBUG_INFO = INCLUDE_SOURCE;
				MTL_FAST_MATH = YES;
				ONLY_ACTIVE_ARCH = YES;
				SDKROOT = iphoneos;
				SWIFT_ACTIVE_COMPILATION_CONDITIONS = DEBUG;
				SWIFT_OPTIMIZATION_LEVEL = "-Onone";
			};
			name = Debug;
		};
		2CF74F6C29ED7F9900E96F8D /* Release */ = {
			isa = XCBuildConfiguration;
			buildSettings = {
				ALWAYS_SEARCH_USER_PATHS = NO;
				CLANG_ANALYZER_NONNULL = YES;
				CLANG_ANALYZER_NUMBER_OBJECT_CONVERSION = YES_AGGRESSIVE;
				CLANG_CXX_LANGUAGE_STANDARD = "gnu++20";
				CLANG_ENABLE_MODULES = YES;
				CLANG_ENABLE_OBJC_ARC = YES;
				CLANG_ENABLE_OBJC_WEAK = YES;
				CLANG_WARN_BLOCK_CAPTURE_AUTORELEASING = YES;
				CLANG_WARN_BOOL_CONVERSION = YES;
				CLANG_WARN_COMMA = YES;
				CLANG_WARN_CONSTANT_CONVERSION = YES;
				CLANG_WARN_DEPRECATED_OBJC_IMPLEMENTATIONS = YES;
				CLANG_WARN_DIRECT_OBJC_ISA_USAGE = YES_ERROR;
				CLANG_WARN_DOCUMENTATION_COMMENTS = YES;
				CLANG_WARN_EMPTY_BODY = YES;
				CLANG_WARN_ENUM_CONVERSION = YES;
				CLANG_WARN_INFINITE_RECURSION = YES;
				CLANG_WARN_INT_CONVERSION = YES;
				CLANG_WARN_NON_LITERAL_NULL_CONVERSION = YES;
				CLANG_WARN_OBJC_IMPLICIT_RETAIN_SELF = YES;
				CLANG_WARN_OBJC_LITERAL_CONVERSION = YES;
				CLANG_WARN_OBJC_ROOT_CLASS = YES_ERROR;
				CLANG_WARN_QUOTED_INCLUDE_IN_FRAMEWORK_HEADER = YES;
				CLANG_WARN_RANGE_LOOP_ANALYSIS = YES;
				CLANG_WARN_STRICT_PROTOTYPES = YES;
				CLANG_WARN_SUSPICIOUS_MOVE = YES;
				CLANG_WARN_UNGUARDED_AVAILABILITY = YES_AGGRESSIVE;
				CLANG_WARN_UNREACHABLE_CODE = YES;
				CLANG_WARN__DUPLICATE_METHOD_MATCH = YES;
				COPY_PHASE_STRIP = NO;
				DEBUG_INFORMATION_FORMAT = "dwarf-with-dsym";
				ENABLE_NS_ASSERTIONS = NO;
				ENABLE_STRICT_OBJC_MSGSEND = YES;
				GCC_C_LANGUAGE_STANDARD = gnu11;
				GCC_NO_COMMON_BLOCKS = YES;
				GCC_WARN_64_TO_32_BIT_CONVERSION = YES;
				GCC_WARN_ABOUT_RETURN_TYPE = YES_ERROR;
				GCC_WARN_UNDECLARED_SELECTOR = YES;
				GCC_WARN_UNINITIALIZED_AUTOS = YES_AGGRESSIVE;
				GCC_WARN_UNUSED_FUNCTION = YES;
				GCC_WARN_UNUSED_VARIABLE = YES;
				IPHONEOS_DEPLOYMENT_TARGET = 16.4;
				MTL_ENABLE_DEBUG_INFO = NO;
				MTL_FAST_MATH = YES;
				SDKROOT = iphoneos;
				SWIFT_COMPILATION_MODE = wholemodule;
				SWIFT_OPTIMIZATION_LEVEL = "-O";
				VALIDATE_PRODUCT = YES;
			};
			name = Release;
		};
		2CF74F6E29ED7F9900E96F8D /* Debug */ = {
			isa = XCBuildConfiguration;
			buildSettings = {
				ASSETCATALOG_COMPILER_APPICON_NAME = AppIcon;
				ASSETCATALOG_COMPILER_GLOBAL_ACCENT_COLOR_NAME = AccentColor;
				CODE_SIGN_STYLE = Automatic;
				CURRENT_PROJECT_VERSION = 1;
				DEVELOPMENT_ASSET_PATHS = "\"swiftUiStarterList/Preview Content\"";
				ENABLE_PREVIEWS = YES;
				GENERATE_INFOPLIST_FILE = YES;
				INFOPLIST_KEY_UIApplicationSceneManifest_Generation = YES;
				INFOPLIST_KEY_UIApplicationSupportsIndirectInputEvents = YES;
				INFOPLIST_KEY_UILaunchScreen_Generation = YES;
				INFOPLIST_KEY_UISupportedInterfaceOrientations_iPad = "UIInterfaceOrientationPortrait UIInterfaceOrientationPortraitUpsideDown UIInterfaceOrientationLandscapeLeft UIInterfaceOrientationLandscapeRight";
				INFOPLIST_KEY_UISupportedInterfaceOrientations_iPhone = "UIInterfaceOrientationPortrait UIInterfaceOrientationLandscapeLeft UIInterfaceOrientationLandscapeRight";
				LD_RUNPATH_SEARCH_PATHS = (
					"$(inherited)",
					"@executable_path/Frameworks",
				);
				MARKETING_VERSION = 1.0;
				PRODUCT_BUNDLE_IDENTIFIER = br.com.nttdataeveris.swiftUiStarterList;
				PRODUCT_NAME = "$(TARGET_NAME)";
				SWIFT_EMIT_LOC_STRINGS = YES;
				SWIFT_VERSION = 5.0;
				TARGETED_DEVICE_FAMILY = "1,2";
			};
			name = Debug;
		};
		2CF74F6F29ED7F9900E96F8D /* Release */ = {
			isa = XCBuildConfiguration;
			buildSettings = {
				ASSETCATALOG_COMPILER_APPICON_NAME = AppIcon;
				ASSETCATALOG_COMPILER_GLOBAL_ACCENT_COLOR_NAME = AccentColor;
				CODE_SIGN_STYLE = Automatic;
				CURRENT_PROJECT_VERSION = 1;
				DEVELOPMENT_ASSET_PATHS = "\"swiftUiStarterList/Preview Content\"";
				ENABLE_PREVIEWS = YES;
				GENERATE_INFOPLIST_FILE = YES;
				INFOPLIST_KEY_UIApplicationSceneManifest_Generation = YES;
				INFOPLIST_KEY_UIApplicationSupportsIndirectInputEvents = YES;
				INFOPLIST_KEY_UILaunchScreen_Generation = YES;
				INFOPLIST_KEY_UISupportedInterfaceOrientations_iPad = "UIInterfaceOrientationPortrait UIInterfaceOrientationPortraitUpsideDown UIInterfaceOrientationLandscapeLeft UIInterfaceOrientationLandscapeRight";
				INFOPLIST_KEY_UISupportedInterfaceOrientations_iPhone = "UIInterfaceOrientationPortrait UIInterfaceOrientationLandscapeLeft UIInterfaceOrientationLandscapeRight";
				LD_RUNPATH_SEARCH_PATHS = (
					"$(inherited)",
					"@executable_path/Frameworks",
				);
				MARKETING_VERSION = 1.0;
				PRODUCT_BUNDLE_IDENTIFIER = br.com.nttdataeveris.swiftUiStarterList;
				PRODUCT_NAME = "$(TARGET_NAME)";
				SWIFT_EMIT_LOC_STRINGS = YES;
				SWIFT_VERSION = 5.0;
				TARGETED_DEVICE_FAMILY = "1,2";
			};
			name = Release;
		};
		2CF74F7129ED7F9900E96F8D /* Debug */ = {
			isa = XCBuildConfiguration;
			buildSettings = {
				ALWAYS_EMBED_SWIFT_STANDARD_LIBRARIES = YES;
				BUNDLE_LOADER = "$(TEST_HOST)";
				CODE_SIGN_STYLE = Automatic;
				CURRENT_PROJECT_VERSION = 1;
				GENERATE_INFOPLIST_FILE = YES;
				IPHONEOS_DEPLOYMENT_TARGET = 16.4;
				MARKETING_VERSION = 1.0;
				PRODUCT_BUNDLE_IDENTIFIER = br.com.nttdataeveris.swiftUiStarterListTests;
				PRODUCT_NAME = "$(TARGET_NAME)";
				SWIFT_EMIT_LOC_STRINGS = NO;
				SWIFT_VERSION = 5.0;
				TARGETED_DEVICE_FAMILY = "1,2";
				TEST_HOST = "$(BUILT_PRODUCTS_DIR)/swiftUiStarterList.app/$(BUNDLE_EXECUTABLE_FOLDER_PATH)/swiftUiStarterList";
			};
			name = Debug;
		};
		2CF74F7229ED7F9900E96F8D /* Release */ = {
			isa = XCBuildConfiguration;
			buildSettings = {
				ALWAYS_EMBED_SWIFT_STANDARD_LIBRARIES = YES;
				BUNDLE_LOADER = "$(TEST_HOST)";
				CODE_SIGN_STYLE = Automatic;
				CURRENT_PROJECT_VERSION = 1;
				GENERATE_INFOPLIST_FILE = YES;
				IPHONEOS_DEPLOYMENT_TARGET = 16.4;
				MARKETING_VERSION = 1.0;
				PRODUCT_BUNDLE_IDENTIFIER = br.com.nttdataeveris.swiftUiStarterListTests;
				PRODUCT_NAME = "$(TARGET_NAME)";
				SWIFT_EMIT_LOC_STRINGS = NO;
				SWIFT_VERSION = 5.0;
				TARGETED_DEVICE_FAMILY = "1,2";
				TEST_HOST = "$(BUILT_PRODUCTS_DIR)/swiftUiStarterList.app/$(BUNDLE_EXECUTABLE_FOLDER_PATH)/swiftUiStarterList";
			};
			name = Release;
		};
		2CF74F7429ED7F9900E96F8D /* Debug */ = {
			isa = XCBuildConfiguration;
			buildSettings = {
				ALWAYS_EMBED_SWIFT_STANDARD_LIBRARIES = YES;
				CODE_SIGN_STYLE = Automatic;
				CURRENT_PROJECT_VERSION = 1;
				GENERATE_INFOPLIST_FILE = YES;
				MARKETING_VERSION = 1.0;
				PRODUCT_BUNDLE_IDENTIFIER = br.com.nttdataeveris.swiftUiStarterListUITests;
				PRODUCT_NAME = "$(TARGET_NAME)";
				SWIFT_EMIT_LOC_STRINGS = NO;
				SWIFT_VERSION = 5.0;
				TARGETED_DEVICE_FAMILY = "1,2";
				TEST_TARGET_NAME = swiftUiStarterList;
			};
			name = Debug;
		};
		2CF74F7529ED7F9900E96F8D /* Release */ = {
			isa = XCBuildConfiguration;
			buildSettings = {
				ALWAYS_EMBED_SWIFT_STANDARD_LIBRARIES = YES;
				CODE_SIGN_STYLE = Automatic;
				CURRENT_PROJECT_VERSION = 1;
				GENERATE_INFOPLIST_FILE = YES;
				MARKETING_VERSION = 1.0;
				PRODUCT_BUNDLE_IDENTIFIER = br.com.nttdataeveris.swiftUiStarterListUITests;
				PRODUCT_NAME = "$(TARGET_NAME)";
				SWIFT_EMIT_LOC_STRINGS = NO;
				SWIFT_VERSION = 5.0;
				TARGETED_DEVICE_FAMILY = "1,2";
				TEST_TARGET_NAME = swiftUiStarterList;
			};
			name = Release;
		};
/* End XCBuildConfiguration section */

/* Begin XCConfigurationList section */
		2CF74F4429ED7F9400E96F8D /* Build configuration list for PBXProject "swiftUiStarterList" */ = {
			isa = XCConfigurationList;
			buildConfigurations = (
				2CF74F6B29ED7F9900E96F8D /* Debug */,
				2CF74F6C29ED7F9900E96F8D /* Release */,
			);
			defaultConfigurationIsVisible = 0;
			defaultConfigurationName = Release;
		};
		2CF74F6D29ED7F9900E96F8D /* Build configuration list for PBXNativeTarget "swiftUiStarterList" */ = {
			isa = XCConfigurationList;
			buildConfigurations = (
				2CF74F6E29ED7F9900E96F8D /* Debug */,
				2CF74F6F29ED7F9900E96F8D /* Release */,
			);
			defaultConfigurationIsVisible = 0;
			defaultConfigurationName = Release;
		};
		2CF74F7029ED7F9900E96F8D /* Build configuration list for PBXNativeTarget "swiftUiStarterListTests" */ = {
			isa = XCConfigurationList;
			buildConfigurations = (
				2CF74F7129ED7F9900E96F8D /* Debug */,
				2CF74F7229ED7F9900E96F8D /* Release */,
			);
			defaultConfigurationIsVisible = 0;
			defaultConfigurationName = Release;
		};
		2CF74F7329ED7F9900E96F8D /* Build configuration list for PBXNativeTarget "swiftUiStarterListUITests" */ = {
			isa = XCConfigurationList;
			buildConfigurations = (
				2CF74F7429ED7F9900E96F8D /* Debug */,
				2CF74F7529ED7F9900E96F8D /* Release */,
			);
			defaultConfigurationIsVisible = 0;
			defaultConfigurationName = Release;
		};
/* End XCConfigurationList section */
	};
	rootObject = 2CF74F4129ED7F9400E96F8D /* Project object */;
}
